// !$*UTF8*$!
{
	archiveVersion = 1;
	classes = {
	};
	objectVersion = 50;
	objects = {

/* Begin PBXBuildFile section */
		3368AAAA25F057A600D8D360 /* AppDelegate.swift in Sources */ = {isa = PBXBuildFile; fileRef = 3368AAA925F057A600D8D360 /* AppDelegate.swift */; };
		3368AAAC25F057A600D8D360 /* SceneDelegate.swift in Sources */ = {isa = PBXBuildFile; fileRef = 3368AAAB25F057A600D8D360 /* SceneDelegate.swift */; };
		3368AAAE25F057A600D8D360 /* ViewController.swift in Sources */ = {isa = PBXBuildFile; fileRef = 3368AAAD25F057A600D8D360 /* ViewController.swift */; };
		3368AAB125F057A600D8D360 /* Main.storyboard in Resources */ = {isa = PBXBuildFile; fileRef = 3368AAAF25F057A600D8D360 /* Main.storyboard */; };
		3368AAB325F057A800D8D360 /* Assets.xcassets in Resources */ = {isa = PBXBuildFile; fileRef = 3368AAB225F057A800D8D360 /* Assets.xcassets */; };
		3368AAB625F057A800D8D360 /* LaunchScreen.storyboard in Resources */ = {isa = PBXBuildFile; fileRef = 3368AAB425F057A800D8D360 /* LaunchScreen.storyboard */; };
		3368AAC125F057A900D8D360 /* StockAppTests.swift in Sources */ = {isa = PBXBuildFile; fileRef = 3368AAC025F057A900D8D360 /* StockAppTests.swift */; };
		3368AACC25F057A900D8D360 /* StockAppUITests.swift in Sources */ = {isa = PBXBuildFile; fileRef = 3368AACB25F057A900D8D360 /* StockAppUITests.swift */; };
/* End PBXBuildFile section */

/* Begin PBXContainerItemProxy section */
		3368AABD25F057A900D8D360 /* PBXContainerItemProxy */ = {
			isa = PBXContainerItemProxy;
			containerPortal = 3368AA9E25F057A600D8D360 /* Project object */;
			proxyType = 1;
			remoteGlobalIDString = 3368AAA525F057A600D8D360;
			remoteInfo = StockApp;
		};
		3368AAC825F057A900D8D360 /* PBXContainerItemProxy */ = {
			isa = PBXContainerItemProxy;
			containerPortal = 3368AA9E25F057A600D8D360 /* Project object */;
			proxyType = 1;
			remoteGlobalIDString = 3368AAA525F057A600D8D360;
			remoteInfo = StockApp;
		};
/* End PBXContainerItemProxy section */

/* Begin PBXFileReference section */
		3368AAA625F057A600D8D360 /* StockApp.app */ = {isa = PBXFileReference; explicitFileType = wrapper.application; includeInIndex = 0; path = StockApp.app; sourceTree = BUILT_PRODUCTS_DIR; };
		3368AAA925F057A600D8D360 /* AppDelegate.swift */ = {isa = PBXFileReference; lastKnownFileType = sourcecode.swift; path = AppDelegate.swift; sourceTree = "<group>"; };
		3368AAAB25F057A600D8D360 /* SceneDelegate.swift */ = {isa = PBXFileReference; lastKnownFileType = sourcecode.swift; path = SceneDelegate.swift; sourceTree = "<group>"; };
		3368AAAD25F057A600D8D360 /* ViewController.swift */ = {isa = PBXFileReference; lastKnownFileType = sourcecode.swift; path = ViewController.swift; sourceTree = "<group>"; };
		3368AAB025F057A600D8D360 /* Base */ = {isa = PBXFileReference; lastKnownFileType = file.storyboard; name = Base; path = Base.lproj/Main.storyboard; sourceTree = "<group>"; };
		3368AAB225F057A800D8D360 /* Assets.xcassets */ = {isa = PBXFileReference; lastKnownFileType = folder.assetcatalog; path = Assets.xcassets; sourceTree = "<group>"; };
		3368AAB525F057A800D8D360 /* Base */ = {isa = PBXFileReference; lastKnownFileType = file.storyboard; name = Base; path = Base.lproj/LaunchScreen.storyboard; sourceTree = "<group>"; };
		3368AAB725F057A800D8D360 /* Info.plist */ = {isa = PBXFileReference; lastKnownFileType = text.plist.xml; path = Info.plist; sourceTree = "<group>"; };
		3368AABC25F057A900D8D360 /* StockAppTests.xctest */ = {isa = PBXFileReference; explicitFileType = wrapper.cfbundle; includeInIndex = 0; path = StockAppTests.xctest; sourceTree = BUILT_PRODUCTS_DIR; };
		3368AAC025F057A900D8D360 /* StockAppTests.swift */ = {isa = PBXFileReference; lastKnownFileType = sourcecode.swift; path = StockAppTests.swift; sourceTree = "<group>"; };
		3368AAC225F057A900D8D360 /* Info.plist */ = {isa = PBXFileReference; lastKnownFileType = text.plist.xml; path = Info.plist; sourceTree = "<group>"; };
		3368AAC725F057A900D8D360 /* StockAppUITests.xctest */ = {isa = PBXFileReference; explicitFileType = wrapper.cfbundle; includeInIndex = 0; path = StockAppUITests.xctest; sourceTree = BUILT_PRODUCTS_DIR; };
		3368AACB25F057A900D8D360 /* StockAppUITests.swift */ = {isa = PBXFileReference; lastKnownFileType = sourcecode.swift; path = StockAppUITests.swift; sourceTree = "<group>"; };
		3368AACD25F057A900D8D360 /* Info.plist */ = {isa = PBXFileReference; lastKnownFileType = text.plist.xml; path = Info.plist; sourceTree = "<group>"; };
/* End PBXFileReference section */

/* Begin PBXFrameworksBuildPhase section */
		3368AAA325F057A600D8D360 /* Frameworks */ = {
			isa = PBXFrameworksBuildPhase;
			buildActionMask = 2147483647;
			files = (
			);
			runOnlyForDeploymentPostprocessing = 0;
		};
		3368AAB925F057A900D8D360 /* Frameworks */ = {
			isa = PBXFrameworksBuildPhase;
			buildActionMask = 2147483647;
			files = (
			);
			runOnlyForDeploymentPostprocessing = 0;
		};
		3368AAC425F057A900D8D360 /* Frameworks */ = {
			isa = PBXFrameworksBuildPhase;
			buildActionMask = 2147483647;
			files = (
			);
			runOnlyForDeploymentPostprocessing = 0;
		};
/* End PBXFrameworksBuildPhase section */

/* Begin PBXGroup section */
		3368AA9D25F057A600D8D360 = {
			isa = PBXGroup;
			children = (
				3368AAA825F057A600D8D360 /* StockApp */,
				3368AABF25F057A900D8D360 /* StockAppTests */,
				3368AACA25F057A900D8D360 /* StockAppUITests */,
				3368AAA725F057A600D8D360 /* Products */,
			);
			sourceTree = "<group>";
		};
		3368AAA725F057A600D8D360 /* Products */ = {
			isa = PBXGroup;
			children = (
				3368AAA625F057A600D8D360 /* StockApp.app */,
				3368AABC25F057A900D8D360 /* StockAppTests.xctest */,
				3368AAC725F057A900D8D360 /* StockAppUITests.xctest */,
			);
			name = Products;
			sourceTree = "<group>";
		};
		3368AAA825F057A600D8D360 /* StockApp */ = {
			isa = PBXGroup;
			children = (
				3368AAA925F057A600D8D360 /* AppDelegate.swift */,
				3368AAAB25F057A600D8D360 /* SceneDelegate.swift */,
				3368AAAD25F057A600D8D360 /* ViewController.swift */,
				3368AAAF25F057A600D8D360 /* Main.storyboard */,
				3368AAB225F057A800D8D360 /* Assets.xcassets */,
				3368AAB425F057A800D8D360 /* LaunchScreen.storyboard */,
				3368AAB725F057A800D8D360 /* Info.plist */,
			);
			path = StockApp;
			sourceTree = "<group>";
		};
		3368AABF25F057A900D8D360 /* StockAppTests */ = {
			isa = PBXGroup;
			children = (
				3368AAC025F057A900D8D360 /* StockAppTests.swift */,
				3368AAC225F057A900D8D360 /* Info.plist */,
			);
			path = StockAppTests;
			sourceTree = "<group>";
		};
		3368AACA25F057A900D8D360 /* StockAppUITests */ = {
			isa = PBXGroup;
			children = (
				3368AACB25F057A900D8D360 /* StockAppUITests.swift */,
				3368AACD25F057A900D8D360 /* Info.plist */,
			);
			path = StockAppUITests;
			sourceTree = "<group>";
		};
/* End PBXGroup section */

/* Begin PBXNativeTarget section */
		3368AAA525F057A600D8D360 /* StockApp */ = {
			isa = PBXNativeTarget;
			buildConfigurationList = 3368AAD025F057A900D8D360 /* Build configuration list for PBXNativeTarget "StockApp" */;
			buildPhases = (
				3368AAA225F057A600D8D360 /* Sources */,
				3368AAA325F057A600D8D360 /* Frameworks */,
				3368AAA425F057A600D8D360 /* Resources */,
			);
			buildRules = (
			);
			dependencies = (
			);
			name = StockApp;
			productName = StockApp;
			productReference = 3368AAA625F057A600D8D360 /* StockApp.app */;
			productType = "com.apple.product-type.application";
		};
		3368AABB25F057A900D8D360 /* StockAppTests */ = {
			isa = PBXNativeTarget;
			buildConfigurationList = 3368AAD325F057A900D8D360 /* Build configuration list for PBXNativeTarget "StockAppTests" */;
			buildPhases = (
				3368AAB825F057A900D8D360 /* Sources */,
				3368AAB925F057A900D8D360 /* Frameworks */,
				3368AABA25F057A900D8D360 /* Resources */,
			);
			buildRules = (
			);
			dependencies = (
				3368AABE25F057A900D8D360 /* PBXTargetDependency */,
			);
			name = StockAppTests;
			productName = StockAppTests;
			productReference = 3368AABC25F057A900D8D360 /* StockAppTests.xctest */;
			productType = "com.apple.product-type.bundle.unit-test";
		};
		3368AAC625F057A900D8D360 /* StockAppUITests */ = {
			isa = PBXNativeTarget;
			buildConfigurationList = 3368AAD625F057A900D8D360 /* Build configuration list for PBXNativeTarget "StockAppUITests" */;
			buildPhases = (
				3368AAC325F057A900D8D360 /* Sources */,
				3368AAC425F057A900D8D360 /* Frameworks */,
				3368AAC525F057A900D8D360 /* Resources */,
			);
			buildRules = (
			);
			dependencies = (
				3368AAC925F057A900D8D360 /* PBXTargetDependency */,
			);
			name = StockAppUITests;
			productName = StockAppUITests;
			productReference = 3368AAC725F057A900D8D360 /* StockAppUITests.xctest */;
			productType = "com.apple.product-type.bundle.ui-testing";
		};
/* End PBXNativeTarget section */

/* Begin PBXProject section */
		3368AA9E25F057A600D8D360 /* Project object */ = {
			isa = PBXProject;
			attributes = {
				LastSwiftUpdateCheck = 1230;
				LastUpgradeCheck = 1230;
				TargetAttributes = {
					3368AAA525F057A600D8D360 = {
						CreatedOnToolsVersion = 12.3;
					};
					3368AABB25F057A900D8D360 = {
						CreatedOnToolsVersion = 12.3;
						TestTargetID = 3368AAA525F057A600D8D360;
					};
					3368AAC625F057A900D8D360 = {
						CreatedOnToolsVersion = 12.3;
						TestTargetID = 3368AAA525F057A600D8D360;
					};
				};
			};
			buildConfigurationList = 3368AAA125F057A600D8D360 /* Build configuration list for PBXProject "StockApp" */;
			compatibilityVersion = "Xcode 9.3";
			developmentRegion = en;
			hasScannedForEncodings = 0;
			knownRegions = (
				en,
				Base,
			);
			mainGroup = 3368AA9D25F057A600D8D360;
			productRefGroup = 3368AAA725F057A600D8D360 /* Products */;
			projectDirPath = "";
			projectRoot = "";
			targets = (
				3368AAA525F057A600D8D360 /* StockApp */,
				3368AABB25F057A900D8D360 /* StockAppTests */,
				3368AAC625F057A900D8D360 /* StockAppUITests */,
			);
		};
/* End PBXProject section */

/* Begin PBXResourcesBuildPhase section */
		3368AAA425F057A600D8D360 /* Resources */ = {
			isa = PBXResourcesBuildPhase;
			buildActionMask = 2147483647;
			files = (
				3368AAB625F057A800D8D360 /* LaunchScreen.storyboard in Resources */,
				3368AAB325F057A800D8D360 /* Assets.xcassets in Resources */,
				3368AAB125F057A600D8D360 /* Main.storyboard in Resources */,
			);
			runOnlyForDeploymentPostprocessing = 0;
		};
		3368AABA25F057A900D8D360 /* Resources */ = {
			isa = PBXResourcesBuildPhase;
			buildActionMask = 2147483647;
			files = (
			);
			runOnlyForDeploymentPostprocessing = 0;
		};
		3368AAC525F057A900D8D360 /* Resources */ = {
			isa = PBXResourcesBuildPhase;
			buildActionMask = 2147483647;
			files = (
			);
			runOnlyForDeploymentPostprocessing = 0;
		};
/* End PBXResourcesBuildPhase section */

/* Begin PBXSourcesBuildPhase section */
		3368AAA225F057A600D8D360 /* Sources */ = {
			isa = PBXSourcesBuildPhase;
			buildActionMask = 2147483647;
			files = (
				3368AAAE25F057A600D8D360 /* ViewController.swift in Sources */,
				3368AAAA25F057A600D8D360 /* AppDelegate.swift in Sources */,
				3368AAAC25F057A600D8D360 /* SceneDelegate.swift in Sources */,
			);
			runOnlyForDeploymentPostprocessing = 0;
		};
		3368AAB825F057A900D8D360 /* Sources */ = {
			isa = PBXSourcesBuildPhase;
			buildActionMask = 2147483647;
			files = (
				3368AAC125F057A900D8D360 /* StockAppTests.swift in Sources */,
			);
			runOnlyForDeploymentPostprocessing = 0;
		};
		3368AAC325F057A900D8D360 /* Sources */ = {
			isa = PBXSourcesBuildPhase;
			buildActionMask = 2147483647;
			files = (
				3368AACC25F057A900D8D360 /* StockAppUITests.swift in Sources */,
			);
			runOnlyForDeploymentPostprocessing = 0;
		};
/* End PBXSourcesBuildPhase section */

/* Begin PBXTargetDependency section */
		3368AABE25F057A900D8D360 /* PBXTargetDependency */ = {
			isa = PBXTargetDependency;
			target = 3368AAA525F057A600D8D360 /* StockApp */;
			targetProxy = 3368AABD25F057A900D8D360 /* PBXContainerItemProxy */;
		};
		3368AAC925F057A900D8D360 /* PBXTargetDependency */ = {
			isa = PBXTargetDependency;
			target = 3368AAA525F057A600D8D360 /* StockApp */;
			targetProxy = 3368AAC825F057A900D8D360 /* PBXContainerItemProxy */;
		};
/* End PBXTargetDependency section */

/* Begin PBXVariantGroup section */
		3368AAAF25F057A600D8D360 /* Main.storyboard */ = {
			isa = PBXVariantGroup;
			children = (
				3368AAB025F057A600D8D360 /* Base */,
			);
			name = Main.storyboard;
			sourceTree = "<group>";
		};
		3368AAB425F057A800D8D360 /* LaunchScreen.storyboard */ = {
			isa = PBXVariantGroup;
			children = (
				3368AAB525F057A800D8D360 /* Base */,
			);
			name = LaunchScreen.storyboard;
			sourceTree = "<group>";
		};
/* End PBXVariantGroup section */

/* Begin XCBuildConfiguration section */
		3368AACE25F057A900D8D360 /* Debug */ = {
			isa = XCBuildConfiguration;
			buildSettings = {
				ALWAYS_SEARCH_USER_PATHS = NO;
				CLANG_ANALYZER_NONNULL = YES;
				CLANG_ANALYZER_NUMBER_OBJECT_CONVERSION = YES_AGGRESSIVE;
				CLANG_CXX_LANGUAGE_STANDARD = "gnu++14";
				CLANG_CXX_LIBRARY = "libc++";
				CLANG_ENABLE_MODULES = YES;
				CLANG_ENABLE_OBJC_ARC = YES;
				CLANG_ENABLE_OBJC_WEAK = YES;
				CLANG_WARN_BLOCK_CAPTURE_AUTORELEASING = YES;
				CLANG_WARN_BOOL_CONVERSION = YES;
				CLANG_WARN_COMMA = YES;
				CLANG_WARN_CONSTANT_CONVERSION = YES;
				CLANG_WARN_DEPRECATED_OBJC_IMPLEMENTATIONS = YES;
				CLANG_WARN_DIRECT_OBJC_ISA_USAGE = YES_ERROR;
				CLANG_WARN_DOCUMENTATION_COMMENTS = YES;
				CLANG_WARN_EMPTY_BODY = YES;
				CLANG_WARN_ENUM_CONVERSION = YES;
				CLANG_WARN_INFINITE_RECURSION = YES;
				CLANG_WARN_INT_CONVERSION = YES;
				CLANG_WARN_NON_LITERAL_NULL_CONVERSION = YES;
				CLANG_WARN_OBJC_IMPLICIT_RETAIN_SELF = YES;
				CLANG_WARN_OBJC_LITERAL_CONVERSION = YES;
				CLANG_WARN_OBJC_ROOT_CLASS = YES_ERROR;
				CLANG_WARN_QUOTED_INCLUDE_IN_FRAMEWORK_HEADER = YES;
				CLANG_WARN_RANGE_LOOP_ANALYSIS = YES;
				CLANG_WARN_STRICT_PROTOTYPES = YES;
				CLANG_WARN_SUSPICIOUS_MOVE = YES;
				CLANG_WARN_UNGUARDED_AVAILABILITY = YES_AGGRESSIVE;
				CLANG_WARN_UNREACHABLE_CODE = YES;
				CLANG_WARN__DUPLICATE_METHOD_MATCH = YES;
				COPY_PHASE_STRIP = NO;
				DEBUG_INFORMATION_FORMAT = dwarf;
				ENABLE_STRICT_OBJC_MSGSEND = YES;
				ENABLE_TESTABILITY = YES;
				GCC_C_LANGUAGE_STANDARD = gnu11;
				GCC_DYNAMIC_NO_PIC = NO;
				GCC_NO_COMMON_BLOCKS = YES;
				GCC_OPTIMIZATION_LEVEL = 0;
				GCC_PREPROCESSOR_DEFINITIONS = (
					"DEBUG=1",
					"$(inherited)",
				);
				GCC_WARN_64_TO_32_BIT_CONVERSION = YES;
				GCC_WARN_ABOUT_RETURN_TYPE = YES_ERROR;
				GCC_WARN_UNDECLARED_SELECTOR = YES;
				GCC_WARN_UNINITIALIZED_AUTOS = YES_AGGRESSIVE;
				GCC_WARN_UNUSED_FUNCTION = YES;
				GCC_WARN_UNUSED_VARIABLE = YES;
				IPHONEOS_DEPLOYMENT_TARGET = 14.3;
				MTL_ENABLE_DEBUG_INFO = INCLUDE_SOURCE;
				MTL_FAST_MATH = YES;
				ONLY_ACTIVE_ARCH = YES;
				SDKROOT = iphoneos;
				SWIFT_ACTIVE_COMPILATION_CONDITIONS = DEBUG;
				SWIFT_OPTIMIZATION_LEVEL = "-Onone";
			};
			name = Debug;
		};
		3368AACF25F057A900D8D360 /* Release */ = {
			isa = XCBuildConfiguration;
			buildSettings = {
				ALWAYS_SEARCH_USER_PATHS = NO;
				CLANG_ANALYZER_NONNULL = YES;
				CLANG_ANALYZER_NUMBER_OBJECT_CONVERSION = YES_AGGRESSIVE;
				CLANG_CXX_LANGUAGE_STANDARD = "gnu++14";
				CLANG_CXX_LIBRARY = "libc++";
				CLANG_ENABLE_MODULES = YES;
				CLANG_ENABLE_OBJC_ARC = YES;
				CLANG_ENABLE_OBJC_WEAK = YES;
				CLANG_WARN_BLOCK_CAPTURE_AUTORELEASING = YES;
				CLANG_WARN_BOOL_CONVERSION = YES;
				CLANG_WARN_COMMA = YES;
				CLANG_WARN_CONSTANT_CONVERSION = YES;
				CLANG_WARN_DEPRECATED_OBJC_IMPLEMENTATIONS = YES;
				CLANG_WARN_DIRECT_OBJC_ISA_USAGE = YES_ERROR;
				CLANG_WARN_DOCUMENTATION_COMMENTS = YES;
				CLANG_WARN_EMPTY_BODY = YES;
				CLANG_WARN_ENUM_CONVERSION = YES;
				CLANG_WARN_INFINITE_RECURSION = YES;
				CLANG_WARN_INT_CONVERSION = YES;
				CLANG_WARN_NON_LITERAL_NULL_CONVERSION = YES;
				CLANG_WARN_OBJC_IMPLICIT_RETAIN_SELF = YES;
				CLANG_WARN_OBJC_LITERAL_CONVERSION = YES;
				CLANG_WARN_OBJC_ROOT_CLASS = YES_ERROR;
				CLANG_WARN_QUOTED_INCLUDE_IN_FRAMEWORK_HEADER = YES;
				CLANG_WARN_RANGE_LOOP_ANALYSIS = YES;
				CLANG_WARN_STRICT_PROTOTYPES = YES;
				CLANG_WARN_SUSPICIOUS_MOVE = YES;
				CLANG_WARN_UNGUARDED_AVAILABILITY = YES_AGGRESSIVE;
				CLANG_WARN_UNREACHABLE_CODE = YES;
				CLANG_WARN__DUPLICATE_METHOD_MATCH = YES;
				COPY_PHASE_STRIP = NO;
				DEBUG_INFORMATION_FORMAT = "dwarf-with-dsym";
				ENABLE_NS_ASSERTIONS = NO;
				ENABLE_STRICT_OBJC_MSGSEND = YES;
				GCC_C_LANGUAGE_STANDARD = gnu11;
				GCC_NO_COMMON_BLOCKS = YES;
				GCC_WARN_64_TO_32_BIT_CONVERSION = YES;
				GCC_WARN_ABOUT_RETURN_TYPE = YES_ERROR;
				GCC_WARN_UNDECLARED_SELECTOR = YES;
				GCC_WARN_UNINITIALIZED_AUTOS = YES_AGGRESSIVE;
				GCC_WARN_UNUSED_FUNCTION = YES;
				GCC_WARN_UNUSED_VARIABLE = YES;
				IPHONEOS_DEPLOYMENT_TARGET = 14.3;
				MTL_ENABLE_DEBUG_INFO = NO;
				MTL_FAST_MATH = YES;
				SDKROOT = iphoneos;
				SWIFT_COMPILATION_MODE = wholemodule;
				SWIFT_OPTIMIZATION_LEVEL = "-O";
				VALIDATE_PRODUCT = YES;
			};
			name = Release;
		};
		3368AAD125F057A900D8D360 /* Debug */ = {
			isa = XCBuildConfiguration;
			buildSettings = {
				ASSETCATALOG_COMPILER_APPICON_NAME = AppIcon;
				ASSETCATALOG_COMPILER_GLOBAL_ACCENT_COLOR_NAME = AccentColor;
				CODE_SIGN_STYLE = Automatic;
				DEVELOPMENT_TEAM = ML5C6ZYMKV;
				INFOPLIST_FILE = StockApp/Info.plist;
				LD_RUNPATH_SEARCH_PATHS = (
					"$(inherited)",
					"@executable_path/Frameworks",
				);
				PRODUCT_BUNDLE_IDENTIFIER = com.StockApp;
				PRODUCT_NAME = "$(TARGET_NAME)";
				SWIFT_VERSION = 5.0;
				TARGETED_DEVICE_FAMILY = "1,2";
			};
			name = Debug;
		};
		3368AAD225F057A900D8D360 /* Release */ = {
			isa = XCBuildConfiguration;
			buildSettings = {
				ASSETCATALOG_COMPILER_APPICON_NAME = AppIcon;
				ASSETCATALOG_COMPILER_GLOBAL_ACCENT_COLOR_NAME = AccentColor;
				CODE_SIGN_STYLE = Automatic;
				DEVELOPMENT_TEAM = ML5C6ZYMKV;
				INFOPLIST_FILE = StockApp/Info.plist;
				LD_RUNPATH_SEARCH_PATHS = (
					"$(inherited)",
					"@executable_path/Frameworks",
				);
				PRODUCT_BUNDLE_IDENTIFIER = com.StockApp;
				PRODUCT_NAME = "$(TARGET_NAME)";
				SWIFT_VERSION = 5.0;
				TARGETED_DEVICE_FAMILY = "1,2";
			};
			name = Release;
		};
		3368AAD425F057A900D8D360 /* Debug */ = {
			isa = XCBuildConfiguration;
			buildSettings = {
				ALWAYS_EMBED_SWIFT_STANDARD_LIBRARIES = YES;
				BUNDLE_LOADER = "$(TEST_HOST)";
				CODE_SIGN_STYLE = Automatic;
				DEVELOPMENT_TEAM = ML5C6ZYMKV;
				INFOPLIST_FILE = StockAppTests/Info.plist;
				IPHONEOS_DEPLOYMENT_TARGET = 14.3;
				LD_RUNPATH_SEARCH_PATHS = (
					"$(inherited)",
					"@executable_path/Frameworks",
					"@loader_path/Frameworks",
				);
				PRODUCT_BUNDLE_IDENTIFIER = com.StockAppTests;
				PRODUCT_NAME = "$(TARGET_NAME)";
				SWIFT_VERSION = 5.0;
				TARGETED_DEVICE_FAMILY = "1,2";
				TEST_HOST = "$(BUILT_PRODUCTS_DIR)/StockApp.app/StockApp";
			};
			name = Debug;
		};
		3368AAD525F057A900D8D360 /* Release */ = {
			isa = XCBuildConfiguration;
			buildSettings = {
				ALWAYS_EMBED_SWIFT_STANDARD_LIBRARIES = YES;
				BUNDLE_LOADER = "$(TEST_HOST)";
				CODE_SIGN_STYLE = Automatic;
				DEVELOPMENT_TEAM = ML5C6ZYMKV;
				INFOPLIST_FILE = StockAppTests/Info.plist;
				IPHONEOS_DEPLOYMENT_TARGET = 14.3;
				LD_RUNPATH_SEARCH_PATHS = (
					"$(inherited)",
					"@executable_path/Frameworks",
					"@loader_path/Frameworks",
				);
				PRODUCT_BUNDLE_IDENTIFIER = com.StockAppTests;
				PRODUCT_NAME = "$(TARGET_NAME)";
				SWIFT_VERSION = 5.0;
				TARGETED_DEVICE_FAMILY = "1,2";
				TEST_HOST = "$(BUILT_PRODUCTS_DIR)/StockApp.app/StockApp";
			};
			name = Release;
		};
		3368AAD725F057A900D8D360 /* Debug */ = {
			isa = XCBuildConfiguration;
			buildSettings = {
				ALWAYS_EMBED_SWIFT_STANDARD_LIBRARIES = YES;
				CODE_SIGN_STYLE = Automatic;
				DEVELOPMENT_TEAM = ML5C6ZYMKV;
				INFOPLIST_FILE = StockAppUITests/Info.plist;
				LD_RUNPATH_SEARCH_PATHS = (
					"$(inherited)",
					"@executable_path/Frameworks",
					"@loader_path/Frameworks",
				);
				PRODUCT_BUNDLE_IDENTIFIER = com.StockAppUITests;
				PRODUCT_NAME = "$(TARGET_NAME)";
				SWIFT_VERSION = 5.0;
				TARGETED_DEVICE_FAMILY = "1,2";
				TEST_TARGET_NAME = StockApp;
			};
			name = Debug;
		};
		3368AAD825F057A900D8D360 /* Release */ = {
			isa = XCBuildConfiguration;
			buildSettings = {
				ALWAYS_EMBED_SWIFT_STANDARD_LIBRARIES = YES;
				CODE_SIGN_STYLE = Automatic;
				DEVELOPMENT_TEAM = ML5C6ZYMKV;
				INFOPLIST_FILE = StockAppUITests/Info.plist;
				LD_RUNPATH_SEARCH_PATHS = (
					"$(inherited)",
					"@executable_path/Frameworks",
					"@loader_path/Frameworks",
				);
				PRODUCT_BUNDLE_IDENTIFIER = com.StockAppUITests;
				PRODUCT_NAME = "$(TARGET_NAME)";
				SWIFT_VERSION = 5.0;
				TARGETED_DEVICE_FAMILY = "1,2";
				TEST_TARGET_NAME = StockApp;
			};
			name = Release;
		};
/* End XCBuildConfiguration section */

/* Begin XCConfigurationList section */
		3368AAA125F057A600D8D360 /* Build configuration list for PBXProject "StockApp" */ = {
			isa = XCConfigurationList;
			buildConfigurations = (
				3368AACE25F057A900D8D360 /* Debug */,
				3368AACF25F057A900D8D360 /* Release */,
			);
			defaultConfigurationIsVisible = 0;
			defaultConfigurationName = Release;
		};
		3368AAD025F057A900D8D360 /* Build configuration list for PBXNativeTarget "StockApp" */ = {
			isa = XCConfigurationList;
			buildConfigurations = (
				3368AAD125F057A900D8D360 /* Debug */,
				3368AAD225F057A900D8D360 /* Release */,
			);
			defaultConfigurationIsVisible = 0;
			defaultConfigurationName = Release;
		};
		3368AAD325F057A900D8D360 /* Build configuration list for PBXNativeTarget "StockAppTests" */ = {
			isa = XCConfigurationList;
			buildConfigurations = (
				3368AAD425F057A900D8D360 /* Debug */,
				3368AAD525F057A900D8D360 /* Release */,
			);
			defaultConfigurationIsVisible = 0;
			defaultConfigurationName = Release;
		};
		3368AAD625F057A900D8D360 /* Build configuration list for PBXNativeTarget "StockAppUITests" */ = {
			isa = XCConfigurationList;
			buildConfigurations = (
				3368AAD725F057A900D8D360 /* Debug */,
				3368AAD825F057A900D8D360 /* Release */,
			);
			defaultConfigurationIsVisible = 0;
			defaultConfigurationName = Release;
		};
/* End XCConfigurationList section */
	};
	rootObject = 3368AA9E25F057A600D8D360 /* Project object */;
}
